
Microsoft Visual Studio Solution File, Format Version 12.00
# Visual Studio 15
VisualStudioVersion = 15.0.27130.2020
MinimumVisualStudioVersion = 10.0.40219.1
Project("{FAE04EC0-301F-11D3-BF4B-00C04F79EFBC}") = "Eventos", "Eventos\Eventos.csproj", "{1DBC1854-75B0-4C0D-AAED-646238B9A984}"
EndProject
Project("{FAE04EC0-301F-11D3-BF4B-00C04F79EFBC}") = "Cod_Neg", "ClassLibrary1\Cod_Neg.csproj", "{A67169DB-CDE3-4E86-AE82-E397C1F7A214}"
EndProject
Project("{FAE04EC0-301F-11D3-BF4B-00C04F79EFBC}") = "DB_Cod", "DB_Cod\DB_Cod.csproj", "{B429C648-790E-41A2-B79D-F8D0AE00FA01}"
EndProject
Global
	GlobalSection(SolutionConfigurationPlatforms) = preSolution
		Debug|Any CPU = Debug|Any CPU
		Release|Any CPU = Release|Any CPU
	EndGlobalSection
	GlobalSection(ProjectConfigurationPlatforms) = postSolution
		{1DBC1854-75B0-4C0D-AAED-646238B9A984}.Debug|Any CPU.ActiveCfg = Debug|Any CPU
		{1DBC1854-75B0-4C0D-AAED-646238B9A984}.Debug|Any CPU.Build.0 = Debug|Any CPU
		{1DBC1854-75B0-4C0D-AAED-646238B9A984}.Release|Any CPU.ActiveCfg = Release|Any CPU
		{1DBC1854-75B0-4C0D-AAED-646238B9A984}.Release|Any CPU.Build.0 = Release|Any CPU
		{A67169DB-CDE3-4E86-AE82-E397C1F7A214}.Debug|Any CPU.ActiveCfg = Debug|Any CPU
		{A67169DB-CDE3-4E86-AE82-E397C1F7A214}.Debug|Any CPU.Build.0 = Debug|Any CPU
		{A67169DB-CDE3-4E86-AE82-E397C1F7A214}.Release|Any CPU.ActiveCfg = Release|Any CPU
		{A67169DB-CDE3-4E86-AE82-E397C1F7A214}.Release|Any CPU.Build.0 = Release|Any CPU
		{B429C648-790E-41A2-B79D-F8D0AE00FA01}.Debug|Any CPU.ActiveCfg = Debug|Any CPU
		{B429C648-790E-41A2-B79D-F8D0AE00FA01}.Debug|Any CPU.Build.0 = Debug|Any CPU
		{B429C648-790E-41A2-B79D-F8D0AE00FA01}.Release|Any CPU.ActiveCfg = Release|Any CPU
		{B429C648-790E-41A2-B79D-F8D0AE00FA01}.Release|Any CPU.Build.0 = Release|Any CPU
	EndGlobalSection
	GlobalSection(SolutionProperties) = preSolution
		HideSolutionNode = FALSE
	EndGlobalSection
	GlobalSection(ExtensibilityGlobals) = postSolution
		SolutionGuid = {85688090-CBF5-4B36-ADD1-8019AD001A89}
	EndGlobalSection
EndGlobal
